
Microsoft Visual Studio Solution File, Format Version 12.00
# Visual Studio 15
VisualStudioVersion = 15.0.26124.0
MinimumVisualStudioVersion = 15.0.26124.0
Project("{FAE04EC0-301F-11D3-BF4B-00C04F79EFBC}") = "lms", "lms\lms.csproj", "{1B623BFB-55FB-461C-B249-E23EC22F461A}"
EndProject
Project("{FAE04EC0-301F-11D3-BF4B-00C04F79EFBC}") = "lms.test", "lms.test\lms.test.csproj", "{993F6357-F7BE-4A9D-9654-6757C90F221B}"
EndProject
Project("{FAE04EC0-301F-11D3-BF4B-00C04F79EFBC}") = "lms.example", "lms.example\lms.example.csproj", "{ABC15B76-5C9B-4185-8E3D-6DC2A26CE9C6}"
EndProject
Global
	GlobalSection(SolutionConfigurationPlatforms) = preSolution
		Debug|Any CPU = Debug|Any CPU
		Debug|x64 = Debug|x64
		Debug|x86 = Debug|x86
		Release|Any CPU = Release|Any CPU
		Release|x64 = Release|x64
		Release|x86 = Release|x86
	EndGlobalSection
	GlobalSection(SolutionProperties) = preSolution
		HideSolutionNode = FALSE
	EndGlobalSection
	GlobalSection(ProjectConfigurationPlatforms) = postSolution
		{1B623BFB-55FB-461C-B249-E23EC22F461A}.Debug|Any CPU.ActiveCfg = Debug|Any CPU
		{1B623BFB-55FB-461C-B249-E23EC22F461A}.Debug|Any CPU.Build.0 = Debug|Any CPU
		{1B623BFB-55FB-461C-B249-E23EC22F461A}.Debug|x64.ActiveCfg = Debug|Any CPU
		{1B623BFB-55FB-461C-B249-E23EC22F461A}.Debug|x64.Build.0 = Debug|Any CPU
		{1B623BFB-55FB-461C-B249-E23EC22F461A}.Debug|x86.ActiveCfg = Debug|Any CPU
		{1B623BFB-55FB-461C-B249-E23EC22F461A}.Debug|x86.Build.0 = Debug|Any CPU
		{1B623BFB-55FB-461C-B249-E23EC22F461A}.Release|Any CPU.ActiveCfg = Release|Any CPU
		{1B623BFB-55FB-461C-B249-E23EC22F461A}.Release|Any CPU.Build.0 = Release|Any CPU
		{1B623BFB-55FB-461C-B249-E23EC22F461A}.Release|x64.ActiveCfg = Release|Any CPU
		{1B623BFB-55FB-461C-B249-E23EC22F461A}.Release|x64.Build.0 = Release|Any CPU
		{1B623BFB-55FB-461C-B249-E23EC22F461A}.Release|x86.ActiveCfg = Release|Any CPU
		{1B623BFB-55FB-461C-B249-E23EC22F461A}.Release|x86.Build.0 = Release|Any CPU
		{993F6357-F7BE-4A9D-9654-6757C90F221B}.Debug|Any CPU.ActiveCfg = Debug|Any CPU
		{993F6357-F7BE-4A9D-9654-6757C90F221B}.Debug|Any CPU.Build.0 = Debug|Any CPU
		{993F6357-F7BE-4A9D-9654-6757C90F221B}.Debug|x64.ActiveCfg = Debug|Any CPU
		{993F6357-F7BE-4A9D-9654-6757C90F221B}.Debug|x64.Build.0 = Debug|Any CPU
		{993F6357-F7BE-4A9D-9654-6757C90F221B}.Debug|x86.ActiveCfg = Debug|Any CPU
		{993F6357-F7BE-4A9D-9654-6757C90F221B}.Debug|x86.Build.0 = Debug|Any CPU
		{993F6357-F7BE-4A9D-9654-6757C90F221B}.Release|Any CPU.ActiveCfg = Release|Any CPU
		{993F6357-F7BE-4A9D-9654-6757C90F221B}.Release|Any CPU.Build.0 = Release|Any CPU
		{993F6357-F7BE-4A9D-9654-6757C90F221B}.Release|x64.ActiveCfg = Release|Any CPU
		{993F6357-F7BE-4A9D-9654-6757C90F221B}.Release|x64.Build.0 = Release|Any CPU
		{993F6357-F7BE-4A9D-9654-6757C90F221B}.Release|x86.ActiveCfg = Release|Any CPU
		{993F6357-F7BE-4A9D-9654-6757C90F221B}.Release|x86.Build.0 = Release|Any CPU
		{ABC15B76-5C9B-4185-8E3D-6DC2A26CE9C6}.Debug|Any CPU.ActiveCfg = Debug|Any CPU
		{ABC15B76-5C9B-4185-8E3D-6DC2A26CE9C6}.Debug|Any CPU.Build.0 = Debug|Any CPU
		{ABC15B76-5C9B-4185-8E3D-6DC2A26CE9C6}.Debug|x64.ActiveCfg = Debug|Any CPU
		{ABC15B76-5C9B-4185-8E3D-6DC2A26CE9C6}.Debug|x64.Build.0 = Debug|Any CPU
		{ABC15B76-5C9B-4185-8E3D-6DC2A26CE9C6}.Debug|x86.ActiveCfg = Debug|Any CPU
		{ABC15B76-5C9B-4185-8E3D-6DC2A26CE9C6}.Debug|x86.Build.0 = Debug|Any CPU
		{ABC15B76-5C9B-4185-8E3D-6DC2A26CE9C6}.Release|Any CPU.ActiveCfg = Release|Any CPU
		{ABC15B76-5C9B-4185-8E3D-6DC2A26CE9C6}.Release|Any CPU.Build.0 = Release|Any CPU
		{ABC15B76-5C9B-4185-8E3D-6DC2A26CE9C6}.Release|x64.ActiveCfg = Release|Any CPU
		{ABC15B76-5C9B-4185-8E3D-6DC2A26CE9C6}.Release|x64.Build.0 = Release|Any CPU
		{ABC15B76-5C9B-4185-8E3D-6DC2A26CE9C6}.Release|x86.ActiveCfg = Release|Any CPU
		{ABC15B76-5C9B-4185-8E3D-6DC2A26CE9C6}.Release|x86.Build.0 = Release|Any CPU
	EndGlobalSection
EndGlobal
